
Microsoft Visual Studio Solution File, Format Version 12.00
# Visual Studio 2012
Project("{FAE04EC0-301F-11D3-BF4B-00C04F79EFBC}") = "SDImageResizer", "Sources\SDImageResizer.csproj", "{4FF649DA-8919-48DB-A9E6-CEF437D8FBAF}"
EndProject
Global
	GlobalSection(SolutionConfigurationPlatforms) = preSolution
		Debug|Any CPU = Debug|Any CPU
		Release|Any CPU = Release|Any CPU
	EndGlobalSection
	GlobalSection(ProjectConfigurationPlatforms) = postSolution
		{4FF649DA-8919-48DB-A9E6-CEF437D8FBAF}.Debug|Any CPU.ActiveCfg = Debug|Any CPU
		{4FF649DA-8919-48DB-A9E6-CEF437D8FBAF}.Debug|Any CPU.Build.0 = Debug|Any CPU
		{4FF649DA-8919-48DB-A9E6-CEF437D8FBAF}.Release|Any CPU.ActiveCfg = Release|Any CPU
		{4FF649DA-8919-48DB-A9E6-CEF437D8FBAF}.Release|Any CPU.Build.0 = Release|Any CPU
	EndGlobalSection
	GlobalSection(SolutionProperties) = preSolution
		HideSolutionNode = FALSE
	EndGlobalSection
EndGlobal
